
Microsoft Visual Studio Solution File, Format Version 12.00
# Visual Studio Version 17
VisualStudioVersion = 17.9.34723.18
MinimumVisualStudioVersion = 10.0.40219.1
Project("{FAE04EC0-301F-11D3-BF4B-00C04F79EFBC}") = "AvatarViewSample", "AvatarViewSample.csproj", "{AEB43845-515E-4C3A-8305-C35F96E76CA6}"
EndProject
Global
	GlobalSection(SolutionConfigurationPlatforms) = preSolution
		Debug|Any CPU = Debug|Any CPU
		Release|Any CPU = Release|Any CPU
	EndGlobalSection
	GlobalSection(ProjectConfigurationPlatforms) = postSolution
		{AEB43845-515E-4C3A-8305-C35F96E76CA6}.Debug|Any CPU.ActiveCfg = Debug|Any CPU
		{AEB43845-515E-4C3A-8305-C35F96E76CA6}.Debug|Any CPU.Build.0 = Debug|Any CPU
		{AEB43845-515E-4C3A-8305-C35F96E76CA6}.Debug|Any CPU.Deploy.0 = Debug|Any CPU
		{AEB43845-515E-4C3A-8305-C35F96E76CA6}.Release|Any CPU.ActiveCfg = Release|Any CPU
		{AEB43845-515E-4C3A-8305-C35F96E76CA6}.Release|Any CPU.Build.0 = Release|Any CPU
		{AEB43845-515E-4C3A-8305-C35F96E76CA6}.Release|Any CPU.Deploy.0 = Release|Any CPU
	EndGlobalSection
	GlobalSection(SolutionProperties) = preSolution
		HideSolutionNode = FALSE
	EndGlobalSection
	GlobalSection(ExtensibilityGlobals) = postSolution
		SolutionGuid = {3E1FB0E2-E85C-4305-96F5-1605C9C84981}
	EndGlobalSection
EndGlobal
